
Microsoft Visual Studio Solution File, Format Version 12.00
# Visual Studio Version 16
VisualStudioVersion = 16.0.31402.337
MinimumVisualStudioVersion = 10.0.40219.1
Project("{9A19103F-16F7-4668-BE54-9A1E7A4F7556}") = "VemVinner.Web", "VemVinner.Web\VemVinner.Web.csproj", "{8DFE4243-3055-45AA-8C9B-03A3E0F6239E}"
EndProject
Project("{9A19103F-16F7-4668-BE54-9A1E7A4F7556}") = "VemVinner.Data", "VemVinner.Data\VemVinner.Data.csproj", "{EBDA1A47-FA2E-4115-836C-68732860C650}"
EndProject
Project("{9A19103F-16F7-4668-BE54-9A1E7A4F7556}") = "VemVinner.Service", "VemVinner.Service\VemVinner.Service.csproj", "{B6844428-6194-484A-B84C-FACC3AEBF3FE}"
EndProject
Project("{9A19103F-16F7-4668-BE54-9A1E7A4F7556}") = "VemVinner.Domain", "VemVinner.Domain\VemVinner.Domain.csproj", "{B1A59DCF-6B23-4B8D-9A99-DFB144A899D9}"
EndProject
Project("{FAE04EC0-301F-11D3-BF4B-00C04F79EFBC}") = "VemVinner.Common", "VemVinner.Common\VemVinner.Common.csproj", "{1D097F0C-BD04-4EEE-8CCB-D069EEECA24C}"
EndProject
Global
	GlobalSection(SolutionConfigurationPlatforms) = preSolution
		Debug|Any CPU = Debug|Any CPU
		Release|Any CPU = Release|Any CPU
	EndGlobalSection
	GlobalSection(ProjectConfigurationPlatforms) = postSolution
		{8DFE4243-3055-45AA-8C9B-03A3E0F6239E}.Debug|Any CPU.ActiveCfg = Debug|Any CPU
		{8DFE4243-3055-45AA-8C9B-03A3E0F6239E}.Debug|Any CPU.Build.0 = Debug|Any CPU
		{8DFE4243-3055-45AA-8C9B-03A3E0F6239E}.Release|Any CPU.ActiveCfg = Release|Any CPU
		{8DFE4243-3055-45AA-8C9B-03A3E0F6239E}.Release|Any CPU.Build.0 = Release|Any CPU
		{EBDA1A47-FA2E-4115-836C-68732860C650}.Debug|Any CPU.ActiveCfg = Debug|Any CPU
		{EBDA1A47-FA2E-4115-836C-68732860C650}.Debug|Any CPU.Build.0 = Debug|Any CPU
		{EBDA1A47-FA2E-4115-836C-68732860C650}.Release|Any CPU.ActiveCfg = Release|Any CPU
		{EBDA1A47-FA2E-4115-836C-68732860C650}.Release|Any CPU.Build.0 = Release|Any CPU
		{B6844428-6194-484A-B84C-FACC3AEBF3FE}.Debug|Any CPU.ActiveCfg = Debug|Any CPU
		{B6844428-6194-484A-B84C-FACC3AEBF3FE}.Debug|Any CPU.Build.0 = Debug|Any CPU
		{B6844428-6194-484A-B84C-FACC3AEBF3FE}.Release|Any CPU.ActiveCfg = Release|Any CPU
		{B6844428-6194-484A-B84C-FACC3AEBF3FE}.Release|Any CPU.Build.0 = Release|Any CPU
		{B1A59DCF-6B23-4B8D-9A99-DFB144A899D9}.Debug|Any CPU.ActiveCfg = Debug|Any CPU
		{B1A59DCF-6B23-4B8D-9A99-DFB144A899D9}.Debug|Any CPU.Build.0 = Debug|Any CPU
		{B1A59DCF-6B23-4B8D-9A99-DFB144A899D9}.Release|Any CPU.ActiveCfg = Release|Any CPU
		{B1A59DCF-6B23-4B8D-9A99-DFB144A899D9}.Release|Any CPU.Build.0 = Release|Any CPU
		{1D097F0C-BD04-4EEE-8CCB-D069EEECA24C}.Debug|Any CPU.ActiveCfg = Debug|Any CPU
		{1D097F0C-BD04-4EEE-8CCB-D069EEECA24C}.Debug|Any CPU.Build.0 = Debug|Any CPU
		{1D097F0C-BD04-4EEE-8CCB-D069EEECA24C}.Release|Any CPU.ActiveCfg = Release|Any CPU
		{1D097F0C-BD04-4EEE-8CCB-D069EEECA24C}.Release|Any CPU.Build.0 = Release|Any CPU
	EndGlobalSection
	GlobalSection(SolutionProperties) = preSolution
		HideSolutionNode = FALSE
	EndGlobalSection
	GlobalSection(ExtensibilityGlobals) = postSolution
		SolutionGuid = {9A14A6D5-A164-48C2-B375-E7FE67CF1E88}
	EndGlobalSection
EndGlobal
